{
  "name": "signalless",
  "version": "0.0.0",
  "lockfileVersion": 3,
  "requires": true,
  "packages": {
    "": {
      "name": "signalless",
      "version": "0.0.0",
      "dependencies": {
        "hydroactive": "file:../../dist/lib"
      }
    },
    "../..": {
      "name": "hydroactive",
      "version": "0.1.4",
      "license": "MIT",
      "devDependencies": {
        "@11ty/is-land": "^4.0.0",
        "@types/jasmine": "^4.3.1",
        "@web/test-runner": "^0.15.3",
        "@web/test-runner-puppeteer": "^0.16.0",
        "http-server": "^14.1.1",
        "jasmine-core": "^4.5.0",
        "typescript": "^5.5.4"
      }
    },
    "../../dist": {
      "version": "0.1.4",
      "license": "MIT",
      "devDependencies": {
        "@11ty/is-land": "^4.0.0",
        "@types/jasmine": "^4.3.1",
        "@web/test-runner": "^0.15.3",
        "@web/test-runner-puppeteer": "^0.16.0",
        "http-server": "^14.1.1",
        "jasmine-core": "^4.5.0",
        "typescript": "^5.5.4"
      }
    },
    "../../dist/lib": {
      "version": "0.1.4",
      "license": "MIT",
      "devDependencies": {
        "@11ty/is-land": "^4.0.0",
        "@types/jasmine": "^4.3.1",
        "@web/test-runner": "^0.15.3",
        "@web/test-runner-puppeteer": "^0.16.0",
        "http-server": "^14.1.1",
        "jasmine-core": "^4.5.0",
        "typescript": "^5.5.4"
      }
    },
    "node_modules/hydroactive": {
      "resolved": "../../dist/lib",
      "link": true
    }
  }
}
